
Microsoft Visual Studio Solution File, Format Version 12.00
# Visual Studio 14
VisualStudioVersion = 14.0.23107.0
MinimumVisualStudioVersion = 10.0.40219.1
Project("{FAE04EC0-301F-11D3-BF4B-00C04F79EFBC}") = "Cars", "Cars\Cars.csproj", "{1458AF91-E9B6-4D69-91B7-5CC2A4E88C5D}"
EndProject
Project("{FAE04EC0-301F-11D3-BF4B-00C04F79EFBC}") = "Models", "Models\Models.csproj", "{95D173D4-4162-40E6-8924-94F6886694DC}"
EndProject
Project("{FAE04EC0-301F-11D3-BF4B-00C04F79EFBC}") = "Data", "Data\Data.csproj", "{A6567F2A-89F6-4F17-8A5E-BC909A9A1C90}"
EndProject
Global
	GlobalSection(SolutionConfigurationPlatforms) = preSolution
		Debug|Any CPU = Debug|Any CPU
		Release|Any CPU = Release|Any CPU
	EndGlobalSection
	GlobalSection(ProjectConfigurationPlatforms) = postSolution
		{1458AF91-E9B6-4D69-91B7-5CC2A4E88C5D}.Debug|Any CPU.ActiveCfg = Debug|Any CPU
		{1458AF91-E9B6-4D69-91B7-5CC2A4E88C5D}.Debug|Any CPU.Build.0 = Debug|Any CPU
		{1458AF91-E9B6-4D69-91B7-5CC2A4E88C5D}.Release|Any CPU.ActiveCfg = Release|Any CPU
		{1458AF91-E9B6-4D69-91B7-5CC2A4E88C5D}.Release|Any CPU.Build.0 = Release|Any CPU
		{95D173D4-4162-40E6-8924-94F6886694DC}.Debug|Any CPU.ActiveCfg = Debug|Any CPU
		{95D173D4-4162-40E6-8924-94F6886694DC}.Debug|Any CPU.Build.0 = Debug|Any CPU
		{95D173D4-4162-40E6-8924-94F6886694DC}.Release|Any CPU.ActiveCfg = Release|Any CPU
		{95D173D4-4162-40E6-8924-94F6886694DC}.Release|Any CPU.Build.0 = Release|Any CPU
		{A6567F2A-89F6-4F17-8A5E-BC909A9A1C90}.Debug|Any CPU.ActiveCfg = Debug|Any CPU
		{A6567F2A-89F6-4F17-8A5E-BC909A9A1C90}.Debug|Any CPU.Build.0 = Debug|Any CPU
		{A6567F2A-89F6-4F17-8A5E-BC909A9A1C90}.Release|Any CPU.ActiveCfg = Release|Any CPU
		{A6567F2A-89F6-4F17-8A5E-BC909A9A1C90}.Release|Any CPU.Build.0 = Release|Any CPU
	EndGlobalSection
	GlobalSection(SolutionProperties) = preSolution
		HideSolutionNode = FALSE
	EndGlobalSection
EndGlobal
